
Microsoft Visual Studio Solution File, Format Version 12.00
# Visual Studio Version 17
VisualStudioVersion = 17.13.35931.197
MinimumVisualStudioVersion = 10.0.40219.1
Project("{2150E333-8FDC-42A3-9474-1A3956D46DE8}") = "UI", "UI", "{02EA681E-C7D8-13C7-8484-4AC65E1B71E8}"
EndProject
Project("{2150E333-8FDC-42A3-9474-1A3956D46DE8}") = "Services", "Services", "{AAECA976-1AD3-448B-A56E-18B72EE7A015}"
EndProject
Project("{FAE04EC0-301F-11D3-BF4B-00C04F79EFBC}") = "BookStore.API.Products", "src\BookStore.API.Products\BookStore.API.Products.csproj", "{140DAB4A-262F-4264-9116-E7BCC368CAA8}"
EndProject
Project("{FAE04EC0-301F-11D3-BF4B-00C04F79EFBC}") = "BookStore.API.Authentication", "src\BookStore.API.Authentication\BookStore.API.Authentication.csproj", "{09568755-CD3F-41FD-9411-6135D2C4FAE4}"
EndProject
Global
	GlobalSection(SolutionConfigurationPlatforms) = preSolution
		Debug|Any CPU = Debug|Any CPU
		Release|Any CPU = Release|Any CPU
	EndGlobalSection
	GlobalSection(ProjectConfigurationPlatforms) = postSolution
		{140DAB4A-262F-4264-9116-E7BCC368CAA8}.Debug|Any CPU.ActiveCfg = Debug|Any CPU
		{140DAB4A-262F-4264-9116-E7BCC368CAA8}.Debug|Any CPU.Build.0 = Debug|Any CPU
		{140DAB4A-262F-4264-9116-E7BCC368CAA8}.Release|Any CPU.ActiveCfg = Release|Any CPU
		{140DAB4A-262F-4264-9116-E7BCC368CAA8}.Release|Any CPU.Build.0 = Release|Any CPU
		{09568755-CD3F-41FD-9411-6135D2C4FAE4}.Debug|Any CPU.ActiveCfg = Debug|Any CPU
		{09568755-CD3F-41FD-9411-6135D2C4FAE4}.Debug|Any CPU.Build.0 = Debug|Any CPU
		{09568755-CD3F-41FD-9411-6135D2C4FAE4}.Release|Any CPU.ActiveCfg = Release|Any CPU
		{09568755-CD3F-41FD-9411-6135D2C4FAE4}.Release|Any CPU.Build.0 = Release|Any CPU
	EndGlobalSection
	GlobalSection(SolutionProperties) = preSolution
		HideSolutionNode = FALSE
	EndGlobalSection
	GlobalSection(NestedProjects) = preSolution
		{140DAB4A-262F-4264-9116-E7BCC368CAA8} = {AAECA976-1AD3-448B-A56E-18B72EE7A015}
		{09568755-CD3F-41FD-9411-6135D2C4FAE4} = {AAECA976-1AD3-448B-A56E-18B72EE7A015}
	EndGlobalSection
	GlobalSection(ExtensibilityGlobals) = postSolution
		SolutionGuid = {DFE19E80-B555-4721-AF24-86C9D8A7FA10}
	EndGlobalSection
EndGlobal
